
Microsoft Visual Studio Solution File, Format Version 12.00
# Visual Studio Version 17
VisualStudioVersion = 17.11.35222.181
MinimumVisualStudioVersion = 10.0.40219.1
Project("{FAE04EC0-301F-11D3-BF4B-00C04F79EFBC}") = "ass1", "ass1\ass1.csproj", "{80C13B60-CDC1-4FE6-869A-E2E4B0F3F391}"
EndProject
Global
	GlobalSection(SolutionConfigurationPlatforms) = preSolution
		Debug|Any CPU = Debug|Any CPU
		Release|Any CPU = Release|Any CPU
	EndGlobalSection
	GlobalSection(ProjectConfigurationPlatforms) = postSolution
		{80C13B60-CDC1-4FE6-869A-E2E4B0F3F391}.Debug|Any CPU.ActiveCfg = Debug|Any CPU
		{80C13B60-CDC1-4FE6-869A-E2E4B0F3F391}.Debug|Any CPU.Build.0 = Debug|Any CPU
		{80C13B60-CDC1-4FE6-869A-E2E4B0F3F391}.Release|Any CPU.ActiveCfg = Release|Any CPU
		{80C13B60-CDC1-4FE6-869A-E2E4B0F3F391}.Release|Any CPU.Build.0 = Release|Any CPU
	EndGlobalSection
	GlobalSection(SolutionProperties) = preSolution
		HideSolutionNode = FALSE
	EndGlobalSection
	GlobalSection(ExtensibilityGlobals) = postSolution
		SolutionGuid = {9994BAA4-E582-4937-82A8-832986DF1F47}
	EndGlobalSection
EndGlobal
